
Microsoft Visual Studio Solution File, Format Version 12.00
# Visual Studio Version 16
VisualStudioVersion = 16.0.31025.194
MinimumVisualStudioVersion = 10.0.40219.1
Project("{9A19103F-16F7-4668-BE54-9A1E7A4F7556}") = "Visit.Model", "Visit.Model\Visit.Model.csproj", "{786EF718-1B22-4ACA-9627-4867ACDC6B62}"
EndProject
Project("{9A19103F-16F7-4668-BE54-9A1E7A4F7556}") = "Visit.Logic", "Visit.Logic\Visit.Logic.csproj", "{6151DB28-3F8D-4DD1-A0B8-6F5C235144E5}"
EndProject
Project("{9A19103F-16F7-4668-BE54-9A1E7A4F7556}") = "Visit.Rest", "Visit.Rest2\Visit.Rest.csproj", "{F6401F50-007D-46C6-9E46-1AF2F6F127A2}"
EndProject
Project("{FAE04EC0-301F-11D3-BF4B-00C04F79EFBC}") = "Visit.Tests", "Visit.Tests\Visit.Tests.csproj", "{215323D4-504A-45EB-BB0D-7571D626287F}"
EndProject
Global
	GlobalSection(SolutionConfigurationPlatforms) = preSolution
		Debug|Any CPU = Debug|Any CPU
		Release|Any CPU = Release|Any CPU
	EndGlobalSection
	GlobalSection(ProjectConfigurationPlatforms) = postSolution
		{786EF718-1B22-4ACA-9627-4867ACDC6B62}.Debug|Any CPU.ActiveCfg = Debug|Any CPU
		{786EF718-1B22-4ACA-9627-4867ACDC6B62}.Debug|Any CPU.Build.0 = Debug|Any CPU
		{786EF718-1B22-4ACA-9627-4867ACDC6B62}.Release|Any CPU.ActiveCfg = Release|Any CPU
		{786EF718-1B22-4ACA-9627-4867ACDC6B62}.Release|Any CPU.Build.0 = Release|Any CPU
		{6151DB28-3F8D-4DD1-A0B8-6F5C235144E5}.Debug|Any CPU.ActiveCfg = Debug|Any CPU
		{6151DB28-3F8D-4DD1-A0B8-6F5C235144E5}.Debug|Any CPU.Build.0 = Debug|Any CPU
		{6151DB28-3F8D-4DD1-A0B8-6F5C235144E5}.Release|Any CPU.ActiveCfg = Release|Any CPU
		{6151DB28-3F8D-4DD1-A0B8-6F5C235144E5}.Release|Any CPU.Build.0 = Release|Any CPU
		{F6401F50-007D-46C6-9E46-1AF2F6F127A2}.Debug|Any CPU.ActiveCfg = Debug|Any CPU
		{F6401F50-007D-46C6-9E46-1AF2F6F127A2}.Debug|Any CPU.Build.0 = Debug|Any CPU
		{F6401F50-007D-46C6-9E46-1AF2F6F127A2}.Release|Any CPU.ActiveCfg = Release|Any CPU
		{F6401F50-007D-46C6-9E46-1AF2F6F127A2}.Release|Any CPU.Build.0 = Release|Any CPU
		{215323D4-504A-45EB-BB0D-7571D626287F}.Debug|Any CPU.ActiveCfg = Debug|Any CPU
		{215323D4-504A-45EB-BB0D-7571D626287F}.Debug|Any CPU.Build.0 = Debug|Any CPU
		{215323D4-504A-45EB-BB0D-7571D626287F}.Release|Any CPU.ActiveCfg = Release|Any CPU
		{215323D4-504A-45EB-BB0D-7571D626287F}.Release|Any CPU.Build.0 = Release|Any CPU
	EndGlobalSection
	GlobalSection(SolutionProperties) = preSolution
		HideSolutionNode = FALSE
	EndGlobalSection
	GlobalSection(ExtensibilityGlobals) = postSolution
		SolutionGuid = {0F4ED4D2-6C1C-403B-B074-522F7B1AB5D8}
	EndGlobalSection
EndGlobal
