
Microsoft Visual Studio Solution File, Format Version 12.00
# Visual Studio Version 16
VisualStudioVersion = 16.0.31313.79
MinimumVisualStudioVersion = 10.0.40219.1
Project("{9A19103F-16F7-4668-BE54-9A1E7A4F7556}") = "WebApplication", "WebApplication\WebApplication.csproj", "{8F222853-A40D-4BA6-A433-7F8DEEF9090D}"
EndProject
Project("{9A19103F-16F7-4668-BE54-9A1E7A4F7556}") = "WebApplication.Controller", "WebApplication.Controller\WebApplication.Controller.csproj", "{C6C4F56D-3FFF-40C4-BBCD-7131DFCB85D5}"
EndProject
Project("{9A19103F-16F7-4668-BE54-9A1E7A4F7556}") = "WebApplication.Model", "WebApplication.Model\WebApplication.Model.csproj", "{5F9DED05-6B95-43B1-BC0F-D3A5B5AF61BA}"
EndProject
Project("{9A19103F-16F7-4668-BE54-9A1E7A4F7556}") = "WebApplication.Utilites", "WebApplication.Utilites\WebApplication.Utilites.csproj", "{46089904-A932-4978-9DD2-2D8A6D2E75C1}"
EndProject
Project("{9A19103F-16F7-4668-BE54-9A1E7A4F7556}") = "WebApplication.Tests", "WebApplication.Tests\WebApplication.Tests.csproj", "{A737AE3B-89A1-4706-8E71-8BAF6F728877}"
EndProject
Global
	GlobalSection(SolutionConfigurationPlatforms) = preSolution
		Debug|Any CPU = Debug|Any CPU
		Release|Any CPU = Release|Any CPU
	EndGlobalSection
	GlobalSection(ProjectConfigurationPlatforms) = postSolution
		{8F222853-A40D-4BA6-A433-7F8DEEF9090D}.Debug|Any CPU.ActiveCfg = Debug|Any CPU
		{8F222853-A40D-4BA6-A433-7F8DEEF9090D}.Debug|Any CPU.Build.0 = Debug|Any CPU
		{8F222853-A40D-4BA6-A433-7F8DEEF9090D}.Release|Any CPU.ActiveCfg = Release|Any CPU
		{8F222853-A40D-4BA6-A433-7F8DEEF9090D}.Release|Any CPU.Build.0 = Release|Any CPU
		{C6C4F56D-3FFF-40C4-BBCD-7131DFCB85D5}.Debug|Any CPU.ActiveCfg = Debug|Any CPU
		{C6C4F56D-3FFF-40C4-BBCD-7131DFCB85D5}.Debug|Any CPU.Build.0 = Debug|Any CPU
		{C6C4F56D-3FFF-40C4-BBCD-7131DFCB85D5}.Release|Any CPU.ActiveCfg = Release|Any CPU
		{C6C4F56D-3FFF-40C4-BBCD-7131DFCB85D5}.Release|Any CPU.Build.0 = Release|Any CPU
		{5F9DED05-6B95-43B1-BC0F-D3A5B5AF61BA}.Debug|Any CPU.ActiveCfg = Debug|Any CPU
		{5F9DED05-6B95-43B1-BC0F-D3A5B5AF61BA}.Debug|Any CPU.Build.0 = Debug|Any CPU
		{5F9DED05-6B95-43B1-BC0F-D3A5B5AF61BA}.Release|Any CPU.ActiveCfg = Release|Any CPU
		{5F9DED05-6B95-43B1-BC0F-D3A5B5AF61BA}.Release|Any CPU.Build.0 = Release|Any CPU
		{46089904-A932-4978-9DD2-2D8A6D2E75C1}.Debug|Any CPU.ActiveCfg = Debug|Any CPU
		{46089904-A932-4978-9DD2-2D8A6D2E75C1}.Debug|Any CPU.Build.0 = Debug|Any CPU
		{46089904-A932-4978-9DD2-2D8A6D2E75C1}.Release|Any CPU.ActiveCfg = Release|Any CPU
		{46089904-A932-4978-9DD2-2D8A6D2E75C1}.Release|Any CPU.Build.0 = Release|Any CPU
		{A737AE3B-89A1-4706-8E71-8BAF6F728877}.Debug|Any CPU.ActiveCfg = Debug|Any CPU
		{A737AE3B-89A1-4706-8E71-8BAF6F728877}.Debug|Any CPU.Build.0 = Debug|Any CPU
		{A737AE3B-89A1-4706-8E71-8BAF6F728877}.Release|Any CPU.ActiveCfg = Release|Any CPU
		{A737AE3B-89A1-4706-8E71-8BAF6F728877}.Release|Any CPU.Build.0 = Release|Any CPU
	EndGlobalSection
	GlobalSection(SolutionProperties) = preSolution
		HideSolutionNode = FALSE
	EndGlobalSection
	GlobalSection(ExtensibilityGlobals) = postSolution
		SolutionGuid = {B03023B8-35A8-4782-8DDF-4AF35F5B030E}
	EndGlobalSection
EndGlobal
