
Microsoft Visual Studio Solution File, Format Version 12.00
# Visual Studio Version 16
VisualStudioVersion = 16.0.31025.194
MinimumVisualStudioVersion = 10.0.40219.1
Project("{9A19103F-16F7-4668-BE54-9A1E7A4F7556}") = "ConnectDoctor.Model", "ConnectDoctor.Model\ConnectDoctor.Model.csproj", "{B073C2B2-5C70-4B65-A99A-7DD41F09ABC7}"
EndProject
Project("{9A19103F-16F7-4668-BE54-9A1E7A4F7556}") = "ConnectDoctor.Logic", "ConnectDoctor.Logic\ConnectDoctor.Logic.csproj", "{7D2DD068-15B2-43B1-BA49-95424760BD22}"
EndProject
Project("{9A19103F-16F7-4668-BE54-9A1E7A4F7556}") = "ConnectDoctor.REST", "ConnectDoctor.REST\ConnectDoctor.REST.csproj", "{B770FFB9-44B4-4B88-B440-1C8749596456}"
EndProject
Project("{FAE04EC0-301F-11D3-BF4B-00C04F79EFBC}") = "ConnectDoctor.Tests", "ConnectDoctor.Tests\ConnectDoctor.Tests.csproj", "{ABFEEB54-57D2-4318-8939-20AA61EA2E1D}"
	ProjectSection(ProjectDependencies) = postProject
		{B073C2B2-5C70-4B65-A99A-7DD41F09ABC7} = {B073C2B2-5C70-4B65-A99A-7DD41F09ABC7}
	EndProjectSection
EndProject
Global
	GlobalSection(SolutionConfigurationPlatforms) = preSolution
		Debug|Any CPU = Debug|Any CPU
		Release|Any CPU = Release|Any CPU
	EndGlobalSection
	GlobalSection(ProjectConfigurationPlatforms) = postSolution
		{B073C2B2-5C70-4B65-A99A-7DD41F09ABC7}.Debug|Any CPU.ActiveCfg = Debug|Any CPU
		{B073C2B2-5C70-4B65-A99A-7DD41F09ABC7}.Debug|Any CPU.Build.0 = Debug|Any CPU
		{B073C2B2-5C70-4B65-A99A-7DD41F09ABC7}.Release|Any CPU.ActiveCfg = Release|Any CPU
		{B073C2B2-5C70-4B65-A99A-7DD41F09ABC7}.Release|Any CPU.Build.0 = Release|Any CPU
		{7D2DD068-15B2-43B1-BA49-95424760BD22}.Debug|Any CPU.ActiveCfg = Debug|Any CPU
		{7D2DD068-15B2-43B1-BA49-95424760BD22}.Debug|Any CPU.Build.0 = Debug|Any CPU
		{7D2DD068-15B2-43B1-BA49-95424760BD22}.Release|Any CPU.ActiveCfg = Release|Any CPU
		{7D2DD068-15B2-43B1-BA49-95424760BD22}.Release|Any CPU.Build.0 = Release|Any CPU
		{B770FFB9-44B4-4B88-B440-1C8749596456}.Debug|Any CPU.ActiveCfg = Debug|Any CPU
		{B770FFB9-44B4-4B88-B440-1C8749596456}.Debug|Any CPU.Build.0 = Debug|Any CPU
		{B770FFB9-44B4-4B88-B440-1C8749596456}.Release|Any CPU.ActiveCfg = Release|Any CPU
		{B770FFB9-44B4-4B88-B440-1C8749596456}.Release|Any CPU.Build.0 = Release|Any CPU
		{ABFEEB54-57D2-4318-8939-20AA61EA2E1D}.Debug|Any CPU.ActiveCfg = Debug|Any CPU
		{ABFEEB54-57D2-4318-8939-20AA61EA2E1D}.Debug|Any CPU.Build.0 = Debug|Any CPU
		{ABFEEB54-57D2-4318-8939-20AA61EA2E1D}.Release|Any CPU.ActiveCfg = Release|Any CPU
		{ABFEEB54-57D2-4318-8939-20AA61EA2E1D}.Release|Any CPU.Build.0 = Release|Any CPU
	EndGlobalSection
	GlobalSection(SolutionProperties) = preSolution
		HideSolutionNode = FALSE
	EndGlobalSection
	GlobalSection(ExtensibilityGlobals) = postSolution
		SolutionGuid = {DA3A627D-50B4-4958-BA64-E97C34C382C7}
	EndGlobalSection
EndGlobal
